
Microsoft Visual Studio Solution File, Format Version 12.00
# Visual Studio Version 16
VisualStudioVersion = 16.0.31424.327
MinimumVisualStudioVersion = 10.0.40219.1
Project("{FAE04EC0-301F-11D3-BF4B-00C04F79EFBC}") = "myfirstcsharpproject", "myfirstcsharpproject.csproj", "{C6EE1D9B-23A6-4A40-A306-A3E03454072F}"
EndProject
Global
	GlobalSection(SolutionConfigurationPlatforms) = preSolution
		Debug|Any CPU = Debug|Any CPU
		Release|Any CPU = Release|Any CPU
	EndGlobalSection
	GlobalSection(ProjectConfigurationPlatforms) = postSolution
		{C6EE1D9B-23A6-4A40-A306-A3E03454072F}.Debug|Any CPU.ActiveCfg = Debug|Any CPU
		{C6EE1D9B-23A6-4A40-A306-A3E03454072F}.Debug|Any CPU.Build.0 = Debug|Any CPU
		{C6EE1D9B-23A6-4A40-A306-A3E03454072F}.Release|Any CPU.ActiveCfg = Release|Any CPU
		{C6EE1D9B-23A6-4A40-A306-A3E03454072F}.Release|Any CPU.Build.0 = Release|Any CPU
	EndGlobalSection
	GlobalSection(SolutionProperties) = preSolution
		HideSolutionNode = FALSE
	EndGlobalSection
	GlobalSection(ExtensibilityGlobals) = postSolution
		SolutionGuid = {5A0DEBDE-4C67-475F-906F-E86839C366F2}
	EndGlobalSection
EndGlobal
